
Microsoft Visual Studio Solution File, Format Version 12.00
# Visual Studio Version 16
VisualStudioVersion = 16.0.29201.188
MinimumVisualStudioVersion = 10.0.40219.1
Project("{FAE04EC0-301F-11D3-BF4B-00C04F79EFBC}") = "NachaProcessor", "NachaProcessor\NachaProcessor.csproj", "{B9765DA4-6609-4E97-999D-3602A9C939FC}"
EndProject
Global
	GlobalSection(SolutionConfigurationPlatforms) = preSolution
		Debug|Any CPU = Debug|Any CPU
		Release|Any CPU = Release|Any CPU
	EndGlobalSection
	GlobalSection(ProjectConfigurationPlatforms) = postSolution
		{B9765DA4-6609-4E97-999D-3602A9C939FC}.Debug|Any CPU.ActiveCfg = Debug|Any CPU
		{B9765DA4-6609-4E97-999D-3602A9C939FC}.Debug|Any CPU.Build.0 = Debug|Any CPU
		{B9765DA4-6609-4E97-999D-3602A9C939FC}.Release|Any CPU.ActiveCfg = Release|Any CPU
		{B9765DA4-6609-4E97-999D-3602A9C939FC}.Release|Any CPU.Build.0 = Release|Any CPU
	EndGlobalSection
	GlobalSection(SolutionProperties) = preSolution
		HideSolutionNode = FALSE
	EndGlobalSection
	GlobalSection(ExtensibilityGlobals) = postSolution
		SolutionGuid = {393387C0-DD96-49BD-A063-2E1438CF48C2}
	EndGlobalSection
EndGlobal
